
Microsoft Visual Studio Solution File, Format Version 12.00
# Visual Studio 15
VisualStudioVersion = 15.0.27004.2008
MinimumVisualStudioVersion = 10.0.40219.1
Project("{9A19103F-16F7-4668-BE54-9A1E7A4F7556}") = "SteganograLib", "SteganograLib\SteganograLib.csproj", "{64B4BEC6-730D-4B3E-ADCD-E3BA184E8C2E}"
EndProject
Project("{FAE04EC0-301F-11D3-BF4B-00C04F79EFBC}") = "OutlookTagger", "OutlookTagger\OutlookTagger.csproj", "{1CBC5BBF-E3D8-4D46-86EA-18AA447A5F94}"
EndProject
Project("{FAE04EC0-301F-11D3-BF4B-00C04F79EFBC}") = "OutlookTaggerWeb", "OutlookTaggerWeb\OutlookTaggerWeb.csproj", "{8D9B3737-1E0F-476B-A787-59FF7BCCE5C3}"
EndProject
Global
	GlobalSection(SolutionConfigurationPlatforms) = preSolution
		Debug|Any CPU = Debug|Any CPU
		Release|Any CPU = Release|Any CPU
	EndGlobalSection
	GlobalSection(ProjectConfigurationPlatforms) = postSolution
		{64B4BEC6-730D-4B3E-ADCD-E3BA184E8C2E}.Debug|Any CPU.ActiveCfg = Debug|Any CPU
		{64B4BEC6-730D-4B3E-ADCD-E3BA184E8C2E}.Debug|Any CPU.Build.0 = Debug|Any CPU
		{64B4BEC6-730D-4B3E-ADCD-E3BA184E8C2E}.Release|Any CPU.ActiveCfg = Release|Any CPU
		{64B4BEC6-730D-4B3E-ADCD-E3BA184E8C2E}.Release|Any CPU.Build.0 = Release|Any CPU
		{1CBC5BBF-E3D8-4D46-86EA-18AA447A5F94}.Debug|Any CPU.ActiveCfg = Debug|Any CPU
		{1CBC5BBF-E3D8-4D46-86EA-18AA447A5F94}.Debug|Any CPU.Build.0 = Debug|Any CPU
		{1CBC5BBF-E3D8-4D46-86EA-18AA447A5F94}.Debug|Any CPU.Deploy.0 = Debug|Any CPU
		{1CBC5BBF-E3D8-4D46-86EA-18AA447A5F94}.Release|Any CPU.ActiveCfg = Release|Any CPU
		{1CBC5BBF-E3D8-4D46-86EA-18AA447A5F94}.Release|Any CPU.Build.0 = Release|Any CPU
		{1CBC5BBF-E3D8-4D46-86EA-18AA447A5F94}.Release|Any CPU.Deploy.0 = Release|Any CPU
		{8D9B3737-1E0F-476B-A787-59FF7BCCE5C3}.Debug|Any CPU.ActiveCfg = Debug|Any CPU
		{8D9B3737-1E0F-476B-A787-59FF7BCCE5C3}.Debug|Any CPU.Build.0 = Debug|Any CPU
		{8D9B3737-1E0F-476B-A787-59FF7BCCE5C3}.Release|Any CPU.ActiveCfg = Release|Any CPU
		{8D9B3737-1E0F-476B-A787-59FF7BCCE5C3}.Release|Any CPU.Build.0 = Release|Any CPU
	EndGlobalSection
	GlobalSection(SolutionProperties) = preSolution
		HideSolutionNode = FALSE
	EndGlobalSection
	GlobalSection(ExtensibilityGlobals) = postSolution
		SolutionGuid = {5E86C38C-6BC6-4029-8A09-28FBBA2A90B5}
	EndGlobalSection
EndGlobal
